// !$*UTF8*$!
{
	archiveVersion = 1;
	classes = {
	};
	objectVersion = 55;
	objects = {

/* Begin PBXBuildFile section */
		2F132CBB280A5FE4005DD9BE /* memorysquaresApp.swift in Sources */ = {isa = PBXBuildFile; fileRef = 2F132CBA280A5FE4005DD9BE /* memorysquaresApp.swift */; };
		2F132CBD280A5FE4005DD9BE /* ContentView.swift in Sources */ = {isa = PBXBuildFile; fileRef = 2F132CBC280A5FE4005DD9BE /* ContentView.swift */; };
		2F132CBF280A5FE7005DD9BE /* Assets.xcassets in Resources */ = {isa = PBXBuildFile; fileRef = 2F132CBE280A5FE7005DD9BE /* Assets.xcassets */; };
		2F132CC2280A5FE7005DD9BE /* Preview Assets.xcassets in Resources */ = {isa = PBXBuildFile; fileRef = 2F132CC1280A5FE7005DD9BE /* Preview Assets.xcassets */; };
		2F132CC9280B35D6005DD9BE /* Card.swift in Sources */ = {isa = PBXBuildFile; fileRef = 2F132CC8280B35D5005DD9BE /* Card.swift */; };
		2F132CCB280B3656005DD9BE /* MemoryGame.swift in Sources */ = {isa = PBXBuildFile; fileRef = 2F132CCA280B3656005DD9BE /* MemoryGame.swift */; };
		2F132CCD280B3737005DD9BE /* MemoryGameModelView.swift in Sources */ = {isa = PBXBuildFile; fileRef = 2F132CCC280B3737005DD9BE /* MemoryGameModelView.swift */; };
		2F132CCF280B3B64005DD9BE /* CardView.swift in Sources */ = {isa = PBXBuildFile; fileRef = 2F132CCE280B3B64005DD9BE /* CardView.swift */; };
		2F5E1DED28106EB00021DF02 /* AspectVGrid.swift in Sources */ = {isa = PBXBuildFile; fileRef = 2F5E1DEC28106EB00021DF02 /* AspectVGrid.swift */; };
		2FAB16A82811DA3800C29FC3 /* wrongsquare.wav in Resources */ = {isa = PBXBuildFile; fileRef = 2FAB16A72811DA3800C29FC3 /* wrongsquare.wav */; };
		2FAB16AA2811DED200C29FC3 /* roundwin.wav in Resources */ = {isa = PBXBuildFile; fileRef = 2FAB16A92811DED200C29FC3 /* roundwin.wav */; };
		2FAB16AD2811EF3F00C29FC3 /* FireworkParticlesGeometryEffect.swift in Sources */ = {isa = PBXBuildFile; fileRef = 2FAB16AC2811EF3F00C29FC3 /* FireworkParticlesGeometryEffect.swift */; };
		2FAB16B02811EF9200C29FC3 /* ParticlesModifier.swift in Sources */ = {isa = PBXBuildFile; fileRef = 2FAB16AF2811EF9200C29FC3 /* ParticlesModifier.swift */; };
		2FAB16B62811F91100C29FC3 /* countdown.wav in Resources */ = {isa = PBXBuildFile; fileRef = 2FAB16B52811F91100C29FC3 /* countdown.wav */; };
/* End PBXBuildFile section */

/* Begin PBXFileReference section */
		2F132CB7280A5FE4005DD9BE /* memorysquares.app */ = {isa = PBXFileReference; explicitFileType = wrapper.application; includeInIndex = 0; path = memorysquares.app; sourceTree = BUILT_PRODUCTS_DIR; };
		2F132CBA280A5FE4005DD9BE /* memorysquaresApp.swift */ = {isa = PBXFileReference; lastKnownFileType = sourcecode.swift; path = memorysquaresApp.swift; sourceTree = "<group>"; };
		2F132CBC280A5FE4005DD9BE /* ContentView.swift */ = {isa = PBXFileReference; lastKnownFileType = sourcecode.swift; path = ContentView.swift; sourceTree = "<group>"; };
		2F132CBE280A5FE7005DD9BE /* Assets.xcassets */ = {isa = PBXFileReference; lastKnownFileType = folder.assetcatalog; path = Assets.xcassets; sourceTree = "<group>"; };
		2F132CC1280A5FE7005DD9BE /* Preview Assets.xcassets */ = {isa = PBXFileReference; lastKnownFileType = folder.assetcatalog; path = "Preview Assets.xcassets"; sourceTree = "<group>"; };
		2F132CC8280B35D5005DD9BE /* Card.swift */ = {isa = PBXFileReference; lastKnownFileType = sourcecode.swift; path = Card.swift; sourceTree = "<group>"; };
		2F132CCA280B3656005DD9BE /* MemoryGame.swift */ = {isa = PBXFileReference; lastKnownFileType = sourcecode.swift; path = MemoryGame.swift; sourceTree = "<group>"; };
		2F132CCC280B3737005DD9BE /* MemoryGameModelView.swift */ = {isa = PBXFileReference; lastKnownFileType = sourcecode.swift; path = MemoryGameModelView.swift; sourceTree = "<group>"; };
		2F132CCE280B3B64005DD9BE /* CardView.swift */ = {isa = PBXFileReference; lastKnownFileType = sourcecode.swift; path = CardView.swift; sourceTree = "<group>"; };
		2F5E1DEC28106EB00021DF02 /* AspectVGrid.swift */ = {isa = PBXFileReference; lastKnownFileType = sourcecode.swift; path = AspectVGrid.swift; sourceTree = "<group>"; };
		2FAB16A72811DA3800C29FC3 /* wrongsquare.wav */ = {isa = PBXFileReference; lastKnownFileType = audio.wav; name = wrongsquare.wav; path = "../../../../../XCode App Assets/interfaceanditemsounds/V1.0/Interface/wrongsquare.wav"; sourceTree = "<group>"; };
		2FAB16A92811DED200C29FC3 /* roundwin.wav */ = {isa = PBXFileReference; lastKnownFileType = audio.wav; name = roundwin.wav; path = "../../../../../XCode App Assets/interfaceanditemsounds/V1.0/Items & Collectables/roundwin.wav"; sourceTree = "<group>"; };
		2FAB16AC2811EF3F00C29FC3 /* FireworkParticlesGeometryEffect.swift */ = {isa = PBXFileReference; lastKnownFileType = sourcecode.swift; path = FireworkParticlesGeometryEffect.swift; sourceTree = "<group>"; };
		2FAB16AF2811EF9200C29FC3 /* ParticlesModifier.swift */ = {isa = PBXFileReference; lastKnownFileType = sourcecode.swift; path = ParticlesModifier.swift; sourceTree = "<group>"; };
		2FAB16B52811F91100C29FC3 /* countdown.wav */ = {isa = PBXFileReference; lastKnownFileType = audio.wav; name = countdown.wav; path = "../../../../../XCode App Assets/countdown.wav"; sourceTree = "<group>"; };
/* End PBXFileReference section */

/* Begin PBXFrameworksBuildPhase section */
		2F132CB4280A5FE4005DD9BE /* Frameworks */ = {
			isa = PBXFrameworksBuildPhase;
			buildActionMask = 2147483647;
			files = (
			);
			runOnlyForDeploymentPostprocessing = 0;
		};
/* End PBXFrameworksBuildPhase section */

/* Begin PBXGroup section */
		2F132CAE280A5FE4005DD9BE = {
			isa = PBXGroup;
			children = (
				2F132CB9280A5FE4005DD9BE /* memorysquares */,
				2F132CB8280A5FE4005DD9BE /* Products */,
			);
			sourceTree = "<group>";
		};
		2F132CB8280A5FE4005DD9BE /* Products */ = {
			isa = PBXGroup;
			children = (
				2F132CB7280A5FE4005DD9BE /* memorysquares.app */,
			);
			name = Products;
			sourceTree = "<group>";
		};
		2F132CB9280A5FE4005DD9BE /* memorysquares */ = {
			isa = PBXGroup;
			children = (
				2FAB16AE2811EF7B00C29FC3 /* Modifiers */,
				2FAB16AB2811EF2500C29FC3 /* Effects */,
				2FAB16A42811D83000C29FC3 /* Sounds */,
				2F132CBA280A5FE4005DD9BE /* memorysquaresApp.swift */,
				2F132CBC280A5FE4005DD9BE /* ContentView.swift */,
				2F132CCA280B3656005DD9BE /* MemoryGame.swift */,
				2F132CCC280B3737005DD9BE /* MemoryGameModelView.swift */,
				2F132CC8280B35D5005DD9BE /* Card.swift */,
				2F132CCE280B3B64005DD9BE /* CardView.swift */,
				2F5E1DEC28106EB00021DF02 /* AspectVGrid.swift */,
				2F132CBE280A5FE7005DD9BE /* Assets.xcassets */,
				2F132CC0280A5FE7005DD9BE /* Preview Content */,
			);
			path = memorysquares;
			sourceTree = "<group>";
		};
		2F132CC0280A5FE7005DD9BE /* Preview Content */ = {
			isa = PBXGroup;
			children = (
				2F132CC1280A5FE7005DD9BE /* Preview Assets.xcassets */,
			);
			path = "Preview Content";
			sourceTree = "<group>";
		};
		2FAB16A42811D83000C29FC3 /* Sounds */ = {
			isa = PBXGroup;
			children = (
				2FAB16B52811F91100C29FC3 /* countdown.wav */,
				2FAB16A92811DED200C29FC3 /* roundwin.wav */,
				2FAB16A72811DA3800C29FC3 /* wrongsquare.wav */,
			);
			path = Sounds;
			sourceTree = "<group>";
		};
		2FAB16AB2811EF2500C29FC3 /* Effects */ = {
			isa = PBXGroup;
			children = (
				2FAB16AC2811EF3F00C29FC3 /* FireworkParticlesGeometryEffect.swift */,
			);
			path = Effects;
			sourceTree = "<group>";
		};
		2FAB16AE2811EF7B00C29FC3 /* Modifiers */ = {
			isa = PBXGroup;
			children = (
				2FAB16AF2811EF9200C29FC3 /* ParticlesModifier.swift */,
			);
			path = Modifiers;
			sourceTree = "<group>";
		};
/* End PBXGroup section */

/* Begin PBXNativeTarget section */
		2F132CB6280A5FE4005DD9BE /* memorysquares */ = {
			isa = PBXNativeTarget;
			buildConfigurationList = 2F132CC5280A5FE7005DD9BE /* Build configuration list for PBXNativeTarget "memorysquares" */;
			buildPhases = (
				2F132CB3280A5FE4005DD9BE /* Sources */,
				2F132CB4280A5FE4005DD9BE /* Frameworks */,
				2F132CB5280A5FE4005DD9BE /* Resources */,
			);
			buildRules = (
			);
			dependencies = (
			);
			name = memorysquares;
			productName = memorysquares;
			productReference = 2F132CB7280A5FE4005DD9BE /* memorysquares.app */;
			productType = "com.apple.product-type.application";
		};
/* End PBXNativeTarget section */

/* Begin PBXProject section */
		2F132CAF280A5FE4005DD9BE /* Project object */ = {
			isa = PBXProject;
			attributes = {
				BuildIndependentTargetsInParallel = 1;
				LastSwiftUpdateCheck = 1330;
				LastUpgradeCheck = 1330;
				TargetAttributes = {
					2F132CB6280A5FE4005DD9BE = {
						CreatedOnToolsVersion = 13.3.1;
					};
				};
			};
			buildConfigurationList = 2F132CB2280A5FE4005DD9BE /* Build configuration list for PBXProject "memorysquares" */;
			compatibilityVersion = "Xcode 13.0";
			developmentRegion = en;
			hasScannedForEncodings = 0;
			knownRegions = (
				en,
				Base,
			);
			mainGroup = 2F132CAE280A5FE4005DD9BE;
			productRefGroup = 2F132CB8280A5FE4005DD9BE /* Products */;
			projectDirPath = "";
			projectRoot = "";
			targets = (
				2F132CB6280A5FE4005DD9BE /* memorysquares */,
			);
		};
/* End PBXProject section */

/* Begin PBXResourcesBuildPhase section */
		2F132CB5280A5FE4005DD9BE /* Resources */ = {
			isa = PBXResourcesBuildPhase;
			buildActionMask = 2147483647;
			files = (
				2F132CC2280A5FE7005DD9BE /* Preview Assets.xcassets in Resources */,
				2FAB16A82811DA3800C29FC3 /* wrongsquare.wav in Resources */,
				2FAB16AA2811DED200C29FC3 /* roundwin.wav in Resources */,
				2F132CBF280A5FE7005DD9BE /* Assets.xcassets in Resources */,
				2FAB16B62811F91100C29FC3 /* countdown.wav in Resources */,
			);
			runOnlyForDeploymentPostprocessing = 0;
		};
/* End PBXResourcesBuildPhase section */

/* Begin PBXSourcesBuildPhase section */
		2F132CB3280A5FE4005DD9BE /* Sources */ = {
			isa = PBXSourcesBuildPhase;
			buildActionMask = 2147483647;
			files = (
				2F132CBD280A5FE4005DD9BE /* ContentView.swift in Sources */,
				2FAB16AD2811EF3F00C29FC3 /* FireworkParticlesGeometryEffect.swift in Sources */,
				2F132CC9280B35D6005DD9BE /* Card.swift in Sources */,
				2FAB16B02811EF9200C29FC3 /* ParticlesModifier.swift in Sources */,
				2F5E1DED28106EB00021DF02 /* AspectVGrid.swift in Sources */,
				2F132CCB280B3656005DD9BE /* MemoryGame.swift in Sources */,
				2F132CCD280B3737005DD9BE /* MemoryGameModelView.swift in Sources */,
				2F132CCF280B3B64005DD9BE /* CardView.swift in Sources */,
				2F132CBB280A5FE4005DD9BE /* memorysquaresApp.swift in Sources */,
			);
			runOnlyForDeploymentPostprocessing = 0;
		};
/* End PBXSourcesBuildPhase section */

/* Begin XCBuildConfiguration section */
		2F132CC3280A5FE7005DD9BE /* Debug */ = {
			isa = XCBuildConfiguration;
			buildSettings = {
				ALWAYS_SEARCH_USER_PATHS = NO;
				CLANG_ANALYZER_NONNULL = YES;
				CLANG_ANALYZER_NUMBER_OBJECT_CONVERSION = YES_AGGRESSIVE;
				CLANG_CXX_LANGUAGE_STANDARD = "gnu++17";
				CLANG_ENABLE_MODULES = YES;
				CLANG_ENABLE_OBJC_ARC = YES;
				CLANG_ENABLE_OBJC_WEAK = YES;
				CLANG_WARN_BLOCK_CAPTURE_AUTORELEASING = YES;
				CLANG_WARN_BOOL_CONVERSION = YES;
				CLANG_WARN_COMMA = YES;
				CLANG_WARN_CONSTANT_CONVERSION = YES;
				CLANG_WARN_DEPRECATED_OBJC_IMPLEMENTATIONS = YES;
				CLANG_WARN_DIRECT_OBJC_ISA_USAGE = YES_ERROR;
				CLANG_WARN_DOCUMENTATION_COMMENTS = YES;
				CLANG_WARN_EMPTY_BODY = YES;
				CLANG_WARN_ENUM_CONVERSION = YES;
				CLANG_WARN_INFINITE_RECURSION = YES;
				CLANG_WARN_INT_CONVERSION = YES;
				CLANG_WARN_NON_LITERAL_NULL_CONVERSION = YES;
				CLANG_WARN_OBJC_IMPLICIT_RETAIN_SELF = YES;
				CLANG_WARN_OBJC_LITERAL_CONVERSION = YES;
				CLANG_WARN_OBJC_ROOT_CLASS = YES_ERROR;
				CLANG_WARN_QUOTED_INCLUDE_IN_FRAMEWORK_HEADER = YES;
				CLANG_WARN_RANGE_LOOP_ANALYSIS = YES;
				CLANG_WARN_STRICT_PROTOTYPES = YES;
				CLANG_WARN_SUSPICIOUS_MOVE = YES;
				CLANG_WARN_UNGUARDED_AVAILABILITY = YES_AGGRESSIVE;
				CLANG_WARN_UNREACHABLE_CODE = YES;
				CLANG_WARN__DUPLICATE_METHOD_MATCH = YES;
				COPY_PHASE_STRIP = NO;
				DEBUG_INFORMATION_FORMAT = dwarf;
				ENABLE_STRICT_OBJC_MSGSEND = YES;
				ENABLE_TESTABILITY = YES;
				GCC_C_LANGUAGE_STANDARD = gnu11;
				GCC_DYNAMIC_NO_PIC = NO;
				GCC_NO_COMMON_BLOCKS = YES;
				GCC_OPTIMIZATION_LEVEL = 0;
				GCC_PREPROCESSOR_DEFINITIONS = (
					"DEBUG=1",
					"$(inherited)",
				);
				GCC_WARN_64_TO_32_BIT_CONVERSION = YES;
				GCC_WARN_ABOUT_RETURN_TYPE = YES_ERROR;
				GCC_WARN_UNDECLARED_SELECTOR = YES;
				GCC_WARN_UNINITIALIZED_AUTOS = YES_AGGRESSIVE;
				GCC_WARN_UNUSED_FUNCTION = YES;
				GCC_WARN_UNUSED_VARIABLE = YES;
				IPHONEOS_DEPLOYMENT_TARGET = 15.4;
				MTL_ENABLE_DEBUG_INFO = INCLUDE_SOURCE;
				MTL_FAST_MATH = YES;
				ONLY_ACTIVE_ARCH = YES;
				SDKROOT = iphoneos;
				SWIFT_ACTIVE_COMPILATION_CONDITIONS = DEBUG;
				SWIFT_OPTIMIZATION_LEVEL = "-Onone";
			};
			name = Debug;
		};
		2F132CC4280A5FE7005DD9BE /* Release */ = {
			isa = XCBuildConfiguration;
			buildSettings = {
				ALWAYS_SEARCH_USER_PATHS = NO;
				CLANG_ANALYZER_NONNULL = YES;
				CLANG_ANALYZER_NUMBER_OBJECT_CONVERSION = YES_AGGRESSIVE;
				CLANG_CXX_LANGUAGE_STANDARD = "gnu++17";
				CLANG_ENABLE_MODULES = YES;
				CLANG_ENABLE_OBJC_ARC = YES;
				CLANG_ENABLE_OBJC_WEAK = YES;
				CLANG_WARN_BLOCK_CAPTURE_AUTORELEASING = YES;
				CLANG_WARN_BOOL_CONVERSION = YES;
				CLANG_WARN_COMMA = YES;
				CLANG_WARN_CONSTANT_CONVERSION = YES;
				CLANG_WARN_DEPRECATED_OBJC_IMPLEMENTATIONS = YES;
				CLANG_WARN_DIRECT_OBJC_ISA_USAGE = YES_ERROR;
				CLANG_WARN_DOCUMENTATION_COMMENTS = YES;
				CLANG_WARN_EMPTY_BODY = YES;
				CLANG_WARN_ENUM_CONVERSION = YES;
				CLANG_WARN_INFINITE_RECURSION = YES;
				CLANG_WARN_INT_CONVERSION = YES;
				CLANG_WARN_NON_LITERAL_NULL_CONVERSION = YES;
				CLANG_WARN_OBJC_IMPLICIT_RETAIN_SELF = YES;
				CLANG_WARN_OBJC_LITERAL_CONVERSION = YES;
				CLANG_WARN_OBJC_ROOT_CLASS = YES_ERROR;
				CLANG_WARN_QUOTED_INCLUDE_IN_FRAMEWORK_HEADER = YES;
				CLANG_WARN_RANGE_LOOP_ANALYSIS = YES;
				CLANG_WARN_STRICT_PROTOTYPES = YES;
				CLANG_WARN_SUSPICIOUS_MOVE = YES;
				CLANG_WARN_UNGUARDED_AVAILABILITY = YES_AGGRESSIVE;
				CLANG_WARN_UNREACHABLE_CODE = YES;
				CLANG_WARN__DUPLICATE_METHOD_MATCH = YES;
				COPY_PHASE_STRIP = NO;
				DEBUG_INFORMATION_FORMAT = "dwarf-with-dsym";
				ENABLE_NS_ASSERTIONS = NO;
				ENABLE_STRICT_OBJC_MSGSEND = YES;
				GCC_C_LANGUAGE_STANDARD = gnu11;
				GCC_NO_COMMON_BLOCKS = YES;
				GCC_WARN_64_TO_32_BIT_CONVERSION = YES;
				GCC_WARN_ABOUT_RETURN_TYPE = YES_ERROR;
				GCC_WARN_UNDECLARED_SELECTOR = YES;
				GCC_WARN_UNINITIALIZED_AUTOS = YES_AGGRESSIVE;
				GCC_WARN_UNUSED_FUNCTION = YES;
				GCC_WARN_UNUSED_VARIABLE = YES;
				IPHONEOS_DEPLOYMENT_TARGET = 15.4;
				MTL_ENABLE_DEBUG_INFO = NO;
				MTL_FAST_MATH = YES;
				SDKROOT = iphoneos;
				SWIFT_COMPILATION_MODE = wholemodule;
				SWIFT_OPTIMIZATION_LEVEL = "-O";
				VALIDATE_PRODUCT = YES;
			};
			name = Release;
		};
		2F132CC6280A5FE7005DD9BE /* Debug */ = {
			isa = XCBuildConfiguration;
			buildSettings = {
				ASSETCATALOG_COMPILER_APPICON_NAME = AppIcon;
				ASSETCATALOG_COMPILER_GLOBAL_ACCENT_COLOR_NAME = AccentColor;
				CODE_SIGN_STYLE = Automatic;
				CURRENT_PROJECT_VERSION = 1;
				DEVELOPMENT_ASSET_PATHS = "\"memorysquares/Preview Content\"";
				DEVELOPMENT_TEAM = 75W5X6N6SL;
				ENABLE_PREVIEWS = YES;
				GENERATE_INFOPLIST_FILE = YES;
				INFOPLIST_KEY_UIApplicationSceneManifest_Generation = YES;
				INFOPLIST_KEY_UIApplicationSupportsIndirectInputEvents = YES;
				INFOPLIST_KEY_UILaunchScreen_Generation = YES;
				INFOPLIST_KEY_UISupportedInterfaceOrientations_iPad = "UIInterfaceOrientationPortrait UIInterfaceOrientationPortraitUpsideDown UIInterfaceOrientationLandscapeLeft UIInterfaceOrientationLandscapeRight";
				INFOPLIST_KEY_UISupportedInterfaceOrientations_iPhone = "UIInterfaceOrientationPortrait UIInterfaceOrientationLandscapeLeft UIInterfaceOrientationLandscapeRight";
				LD_RUNPATH_SEARCH_PATHS = (
					"$(inherited)",
					"@executable_path/Frameworks",
				);
				MARKETING_VERSION = 1.0;
				PRODUCT_BUNDLE_IDENTIFIER = com.tylerdev.memorysquares;
				PRODUCT_NAME = "$(TARGET_NAME)";
				SWIFT_EMIT_LOC_STRINGS = YES;
				SWIFT_VERSION = 5.0;
				TARGETED_DEVICE_FAMILY = "1,2";
			};
			name = Debug;
		};
		2F132CC7280A5FE7005DD9BE /* Release */ = {
			isa = XCBuildConfiguration;
			buildSettings = {
				ASSETCATALOG_COMPILER_APPICON_NAME = AppIcon;
				ASSETCATALOG_COMPILER_GLOBAL_ACCENT_COLOR_NAME = AccentColor;
				CODE_SIGN_STYLE = Automatic;
				CURRENT_PROJECT_VERSION = 1;
				DEVELOPMENT_ASSET_PATHS = "\"memorysquares/Preview Content\"";
				DEVELOPMENT_TEAM = 75W5X6N6SL;
				ENABLE_PREVIEWS = YES;
				GENERATE_INFOPLIST_FILE = YES;
				INFOPLIST_KEY_UIApplicationSceneManifest_Generation = YES;
				INFOPLIST_KEY_UIApplicationSupportsIndirectInputEvents = YES;
				INFOPLIST_KEY_UILaunchScreen_Generation = YES;
				INFOPLIST_KEY_UISupportedInterfaceOrientations_iPad = "UIInterfaceOrientationPortrait UIInterfaceOrientationPortraitUpsideDown UIInterfaceOrientationLandscapeLeft UIInterfaceOrientationLandscapeRight";
				INFOPLIST_KEY_UISupportedInterfaceOrientations_iPhone = "UIInterfaceOrientationPortrait UIInterfaceOrientationLandscapeLeft UIInterfaceOrientationLandscapeRight";
				LD_RUNPATH_SEARCH_PATHS = (
					"$(inherited)",
					"@executable_path/Frameworks",
				);
				MARKETING_VERSION = 1.0;
				PRODUCT_BUNDLE_IDENTIFIER = com.tylerdev.memorysquares;
				PRODUCT_NAME = "$(TARGET_NAME)";
				SWIFT_EMIT_LOC_STRINGS = YES;
				SWIFT_VERSION = 5.0;
				TARGETED_DEVICE_FAMILY = "1,2";
			};
			name = Release;
		};
/* End XCBuildConfiguration section */

/* Begin XCConfigurationList section */
		2F132CB2280A5FE4005DD9BE /* Build configuration list for PBXProject "memorysquares" */ = {
			isa = XCConfigurationList;
			buildConfigurations = (
				2F132CC3280A5FE7005DD9BE /* Debug */,
				2F132CC4280A5FE7005DD9BE /* Release */,
			);
			defaultConfigurationIsVisible = 0;
			defaultConfigurationName = Release;
		};
		2F132CC5280A5FE7005DD9BE /* Build configuration list for PBXNativeTarget "memorysquares" */ = {
			isa = XCConfigurationList;
			buildConfigurations = (
				2F132CC6280A5FE7005DD9BE /* Debug */,
				2F132CC7280A5FE7005DD9BE /* Release */,
			);
			defaultConfigurationIsVisible = 0;
			defaultConfigurationName = Release;
		};
/* End XCConfigurationList section */
	};
	rootObject = 2F132CAF280A5FE4005DD9BE /* Project object */;
}
